// !$*UTF8*$!
{
	archiveVersion = 1;
	classes = {
	};
	objectVersion = 46;
	objects = {

/* Begin PBXBuildFile section */
		75BC93E11CC90A2A00B1DD69 /* main.swift in Sources */ = {isa = PBXBuildFile; fileRef = 75BC93E01CC90A2A00B1DD69 /* main.swift */; };
		75BC93EA1CC9119000B1DD69 /* Parser.swift in Sources */ = {isa = PBXBuildFile; fileRef = 75BC93E91CC9119000B1DD69 /* Parser.swift */; };
		75BC93EC1CC911AC00B1DD69 /* RegexParser.swift in Sources */ = {isa = PBXBuildFile; fileRef = 75BC93EB1CC911AC00B1DD69 /* RegexParser.swift */; };
/* End PBXBuildFile section */

/* Begin PBXCopyFilesBuildPhase section */
		75BC93DB1CC90A2A00B1DD69 /* CopyFiles */ = {
			isa = PBXCopyFilesBuildPhase;
			buildActionMask = 2147483647;
			dstPath = /usr/share/man/man1/;
			dstSubfolderSpec = 0;
			files = (
			);
			runOnlyForDeploymentPostprocessing = 1;
		};
/* End PBXCopyFilesBuildPhase section */

/* Begin PBXFileReference section */
		75BC93DD1CC90A2A00B1DD69 /* Regex */ = {isa = PBXFileReference; explicitFileType = "compiled.mach-o.executable"; includeInIndex = 0; path = Regex; sourceTree = BUILT_PRODUCTS_DIR; };
		75BC93E01CC90A2A00B1DD69 /* main.swift */ = {isa = PBXFileReference; lastKnownFileType = sourcecode.swift; path = main.swift; sourceTree = "<group>"; };
		75BC93E91CC9119000B1DD69 /* Parser.swift */ = {isa = PBXFileReference; fileEncoding = 4; lastKnownFileType = sourcecode.swift; path = Parser.swift; sourceTree = "<group>"; };
		75BC93EB1CC911AC00B1DD69 /* RegexParser.swift */ = {isa = PBXFileReference; fileEncoding = 4; lastKnownFileType = sourcecode.swift; path = RegexParser.swift; sourceTree = "<group>"; };
/* End PBXFileReference section */

/* Begin PBXFrameworksBuildPhase section */
		75BC93DA1CC90A2A00B1DD69 /* Frameworks */ = {
			isa = PBXFrameworksBuildPhase;
			buildActionMask = 2147483647;
			files = (
			);
			runOnlyForDeploymentPostprocessing = 0;
		};
/* End PBXFrameworksBuildPhase section */

/* Begin PBXGroup section */
		75BC93D41CC90A2A00B1DD69 = {
			isa = PBXGroup;
			children = (
				75BC93DF1CC90A2A00B1DD69 /* Regex */,
				75BC93DE1CC90A2A00B1DD69 /* Products */,
			);
			sourceTree = "<group>";
		};
		75BC93DE1CC90A2A00B1DD69 /* Products */ = {
			isa = PBXGroup;
			children = (
				75BC93DD1CC90A2A00B1DD69 /* Regex */,
			);
			name = Products;
			sourceTree = "<group>";
		};
		75BC93DF1CC90A2A00B1DD69 /* Regex */ = {
			isa = PBXGroup;
			children = (
				75BC93E91CC9119000B1DD69 /* Parser.swift */,
				75BC93E01CC90A2A00B1DD69 /* main.swift */,
				75BC93EB1CC911AC00B1DD69 /* RegexParser.swift */,
			);
			path = Regex;
			sourceTree = "<group>";
		};
/* End PBXGroup section */

/* Begin PBXNativeTarget section */
		75BC93DC1CC90A2A00B1DD69 /* Regex */ = {
			isa = PBXNativeTarget;
			buildConfigurationList = 75BC93E41CC90A2A00B1DD69 /* Build configuration list for PBXNativeTarget "Regex" */;
			buildPhases = (
				75BC93D91CC90A2A00B1DD69 /* Sources */,
				75BC93DA1CC90A2A00B1DD69 /* Frameworks */,
				75BC93DB1CC90A2A00B1DD69 /* CopyFiles */,
			);
			buildRules = (
			);
			dependencies = (
			);
			name = Regex;
			productName = Regex;
			productReference = 75BC93DD1CC90A2A00B1DD69 /* Regex */;
			productType = "com.apple.product-type.tool";
		};
/* End PBXNativeTarget section */

/* Begin PBXProject section */
		75BC93D51CC90A2A00B1DD69 /* Project object */ = {
			isa = PBXProject;
			attributes = {
				LastSwiftUpdateCheck = 0730;
				LastUpgradeCheck = 0730;
				ORGANIZATIONNAME = aaaron7;
				TargetAttributes = {
					75BC93DC1CC90A2A00B1DD69 = {
						CreatedOnToolsVersion = 7.3;
					};
				};
			};
			buildConfigurationList = 75BC93D81CC90A2A00B1DD69 /* Build configuration list for PBXProject "Regex" */;
			compatibilityVersion = "Xcode 3.2";
			developmentRegion = English;
			hasScannedForEncodings = 0;
			knownRegions = (
				en,
			);
			mainGroup = 75BC93D41CC90A2A00B1DD69;
			productRefGroup = 75BC93DE1CC90A2A00B1DD69 /* Products */;
			projectDirPath = "";
			projectRoot = "";
			targets = (
				75BC93DC1CC90A2A00B1DD69 /* Regex */,
			);
		};
/* End PBXProject section */

/* Begin PBXSourcesBuildPhase section */
		75BC93D91CC90A2A00B1DD69 /* Sources */ = {
			isa = PBXSourcesBuildPhase;
			buildActionMask = 2147483647;
			files = (
				75BC93EA1CC9119000B1DD69 /* Parser.swift in Sources */,
				75BC93E11CC90A2A00B1DD69 /* main.swift in Sources */,
				75BC93EC1CC911AC00B1DD69 /* RegexParser.swift in Sources */,
			);
			runOnlyForDeploymentPostprocessing = 0;
		};
/* End PBXSourcesBuildPhase section */

/* Begin XCBuildConfiguration section */
		75BC93E21CC90A2A00B1DD69 /* Debug */ = {
			isa = XCBuildConfiguration;
			buildSettings = {
				ALWAYS_SEARCH_USER_PATHS = NO;
				CLANG_ANALYZER_NONNULL = YES;
				CLANG_CXX_LANGUAGE_STANDARD = "gnu++0x";
				CLANG_CXX_LIBRARY = "libc++";
				CLANG_ENABLE_MODULES = YES;
				CLANG_ENABLE_OBJC_ARC = YES;
				CLANG_WARN_BOOL_CONVERSION = YES;
				CLANG_WARN_CONSTANT_CONVERSION = YES;
				CLANG_WARN_DIRECT_OBJC_ISA_USAGE = YES_ERROR;
				CLANG_WARN_EMPTY_BODY = YES;
				CLANG_WARN_ENUM_CONVERSION = YES;
				CLANG_WARN_INT_CONVERSION = YES;
				CLANG_WARN_OBJC_ROOT_CLASS = YES_ERROR;
				CLANG_WARN_UNREACHABLE_CODE = YES;
				CLANG_WARN__DUPLICATE_METHOD_MATCH = YES;
				CODE_SIGN_IDENTITY = "-";
				COPY_PHASE_STRIP = NO;
				DEBUG_INFORMATION_FORMAT = dwarf;
				ENABLE_STRICT_OBJC_MSGSEND = YES;
				ENABLE_TESTABILITY = YES;
				GCC_C_LANGUAGE_STANDARD = gnu99;
				GCC_DYNAMIC_NO_PIC = NO;
				GCC_NO_COMMON_BLOCKS = YES;
				GCC_OPTIMIZATION_LEVEL = 0;
				GCC_PREPROCESSOR_DEFINITIONS = (
					"DEBUG=1",
					"$(inherited)",
				);
				GCC_WARN_64_TO_32_BIT_CONVERSION = YES;
				GCC_WARN_ABOUT_RETURN_TYPE = YES_ERROR;
				GCC_WARN_UNDECLARED_SELECTOR = YES;
				GCC_WARN_UNINITIALIZED_AUTOS = YES_AGGRESSIVE;
				GCC_WARN_UNUSED_FUNCTION = YES;
				GCC_WARN_UNUSED_VARIABLE = YES;
				MACOSX_DEPLOYMENT_TARGET = 10.11;
				MTL_ENABLE_DEBUG_INFO = YES;
				ONLY_ACTIVE_ARCH = YES;
				SDKROOT = macosx;
				SWIFT_OPTIMIZATION_LEVEL = "-Onone";
			};
			name = Debug;
		};
		75BC93E31CC90A2A00B1DD69 /* Release */ = {
			isa = XCBuildConfiguration;
			buildSettings = {
				ALWAYS_SEARCH_USER_PATHS = NO;
				CLANG_ANALYZER_NONNULL = YES;
				CLANG_CXX_LANGUAGE_STANDARD = "gnu++0x";
				CLANG_CXX_LIBRARY = "libc++";
				CLANG_ENABLE_MODULES = YES;
				CLANG_ENABLE_OBJC_ARC = YES;
				CLANG_WARN_BOOL_CONVERSION = YES;
				CLANG_WARN_CONSTANT_CONVERSION = YES;
				CLANG_WARN_DIRECT_OBJC_ISA_USAGE = YES_ERROR;
				CLANG_WARN_EMPTY_BODY = YES;
				CLANG_WARN_ENUM_CONVERSION = YES;
				CLANG_WARN_INT_CONVERSION = YES;
				CLANG_WARN_OBJC_ROOT_CLASS = YES_ERROR;
				CLANG_WARN_UNREACHABLE_CODE = YES;
				CLANG_WARN__DUPLICATE_METHOD_MATCH = YES;
				CODE_SIGN_IDENTITY = "-";
				COPY_PHASE_STRIP = NO;
				DEBUG_INFORMATION_FORMAT = "dwarf-with-dsym";
				ENABLE_NS_ASSERTIONS = NO;
				ENABLE_STRICT_OBJC_MSGSEND = YES;
				GCC_C_LANGUAGE_STANDARD = gnu99;
				GCC_NO_COMMON_BLOCKS = YES;
				GCC_WARN_64_TO_32_BIT_CONVERSION = YES;
				GCC_WARN_ABOUT_RETURN_TYPE = YES_ERROR;
				GCC_WARN_UNDECLARED_SELECTOR = YES;
				GCC_WARN_UNINITIALIZED_AUTOS = YES_AGGRESSIVE;
				GCC_WARN_UNUSED_FUNCTION = YES;
				GCC_WARN_UNUSED_VARIABLE = YES;
				MACOSX_DEPLOYMENT_TARGET = 10.11;
				MTL_ENABLE_DEBUG_INFO = NO;
				SDKROOT = macosx;
			};
			name = Release;
		};
		75BC93E51CC90A2A00B1DD69 /* Debug */ = {
			isa = XCBuildConfiguration;
			buildSettings = {
				PRODUCT_NAME = "$(TARGET_NAME)";
			};
			name = Debug;
		};
		75BC93E61CC90A2A00B1DD69 /* Release */ = {
			isa = XCBuildConfiguration;
			buildSettings = {
				PRODUCT_NAME = "$(TARGET_NAME)";
			};
			name = Release;
		};
/* End XCBuildConfiguration section */

/* Begin XCConfigurationList section */
		75BC93D81CC90A2A00B1DD69 /* Build configuration list for PBXProject "Regex" */ = {
			isa = XCConfigurationList;
			buildConfigurations = (
				75BC93E21CC90A2A00B1DD69 /* Debug */,
				75BC93E31CC90A2A00B1DD69 /* Release */,
			);
			defaultConfigurationIsVisible = 0;
			defaultConfigurationName = Release;
		};
		75BC93E41CC90A2A00B1DD69 /* Build configuration list for PBXNativeTarget "Regex" */ = {
			isa = XCConfigurationList;
			buildConfigurations = (
				75BC93E51CC90A2A00B1DD69 /* Debug */,
				75BC93E61CC90A2A00B1DD69 /* Release */,
			);
			defaultConfigurationIsVisible = 0;
		};
/* End XCConfigurationList section */
	};
	rootObject = 75BC93D51CC90A2A00B1DD69 /* Project object */;
}
